{
  "name": "admin-fe",
  "version": "0.0.0",
  "lockfileVersion": 1,
  "requires": true,
  "dependencies": {
    "@formatjs/intl-unified-numberformat": {
      "version": "3.3.7",
      "resolved": "https://registry.npmmirror.com/@formatjs/intl-unified-numberformat/-/intl-unified-numberformat-3.3.7.tgz",
      "integrity": "sha512-KnWgLRHzCAgT9eyt3OS34RHoyD7dPDYhRcuKn+/6Kv2knDF8Im43J6vlSW6Hm1w63fNq3ZIT1cFk7RuVO3Psag==",
      "requires": {
        "@formatjs/intl-utils": "^2.3.0"
      }
    },
    "@formatjs/intl-utils": {
      "version": "2.3.0",
      "resolved": "https://registry.npmmirror.com/@formatjs/intl-utils/-/intl-utils-2.3.0.tgz",
      "integrity": "sha512-KWk80UPIzPmUg+P0rKh6TqspRw0G6eux1PuJr+zz47ftMaZ9QDwbGzHZbtzWkl5hgayM/qrKRutllRC7D/vVXQ=="
    },
    "cookie": {
      "version": "0.3.1",
      "resolved": "https://registry.npmmirror.com/cookie/-/cookie-0.3.1.tgz",
      "integrity": "sha512-+IJOX0OqlHCszo2mBUq+SrEbCj6w7Kpffqx60zYbPTFaO4+yYgRjHwcZNpWvaTylDHaV7PPmBHzSecZiMhtPgw=="
    },
    "escape-html": {
      "version": "1.0.3",
      "resolved": "https://registry.npmmirror.com/escape-html/-/escape-html-1.0.3.tgz",
      "integrity": "sha512-NiSupZ4OeuGwr68lGIeym/ksIZMJodUGOSCZ/FSnTxcrekbvqrgdUxlJOMpijaKZVjAJrWrGs/6Jy8OMuyj9ow=="
    },
    "intl": {
      "version": "1.2.5",
      "resolved": "https://registry.npmmirror.com/intl/-/intl-1.2.5.tgz",
      "integrity": "sha512-rK0KcPHeBFBcqsErKSpvZnrOmWOj+EmDkyJ57e90YWaQNqbcivcqmKDlHEeNprDWOsKzPsh1BfSpPQdDvclHVw=="
    },
    "intl-format-cache": {
      "version": "4.3.1",
      "resolved": "https://registry.npmmirror.com/intl-format-cache/-/intl-format-cache-4.3.1.tgz",
      "integrity": "sha512-OEUYNA7D06agqPOYhbTkl0T8HA3QKSuwWh1HiClEnpd9vw7N+3XsQt5iZ0GUEchp5CW1fQk/tary+NsbF3yQ1Q=="
    },
    "intl-messageformat": {
      "version": "7.8.4",
      "resolved": "https://registry.npmmirror.com/intl-messageformat/-/intl-messageformat-7.8.4.tgz",
      "integrity": "sha512-yS0cLESCKCYjseCOGXuV4pxJm/buTfyCJ1nzQjryHmSehlptbZbn9fnlk1I9peLopZGGbjj46yHHiTAEZ1qOTA==",
      "requires": {
        "intl-format-cache": "^4.2.21",
        "intl-messageformat-parser": "^3.6.4"
      }
    },
    "intl-messageformat-parser": {
      "version": "3.6.4",
      "resolved": "https://registry.npmmirror.com/intl-messageformat-parser/-/intl-messageformat-parser-3.6.4.tgz",
      "integrity": "sha512-RgPGwue0mJtoX2Ax8EmMzJzttxjnva7gx0Q7mKJ4oALrTZvtmCeAw5Msz2PcjW4dtCh/h7vN/8GJCxZO1uv+OA==",
      "requires": {
        "@formatjs/intl-unified-numberformat": "^3.2.0"
      }
    },
    "invariant": {
      "version": "2.2.4",
      "resolved": "https://registry.npmmirror.com/invariant/-/invariant-2.2.4.tgz",
      "integrity": "sha512-phJfQVBuaJM5raOpJjSfkiD6BpbCE4Ns//LaXl6wGYtUBY83nWS6Rf9tXm2e8VaK60JEjYldbPif/A2B1C2gNA==",
      "requires": {
        "loose-envify": "^1.0.0"
      }
    },
    "js-tokens": {
      "version": "4.0.0",
      "resolved": "https://registry.npmmirror.com/js-tokens/-/js-tokens-4.0.0.tgz",
      "integrity": "sha512-RdJUflcE3cUzKiMqQgsCu06FPu9UdIJO0beYbPhHN4k6apgJtifcoCtT9bcxOpYBtpD2kCM6Sbzg4CausW/PKQ=="
    },
    "lodash.merge": {
      "version": "4.6.2",
      "resolved": "https://registry.npmmirror.com/lodash.merge/-/lodash.merge-4.6.2.tgz",
      "integrity": "sha512-0KpjqXRVvrYyCsX1swR/XTK0va6VQkQM6MNo7PqW77ByjAhoARA8EfrP1N4+KlKj8YS0ZUCtRT/YUuhyYDujIQ=="
    },
    "loose-envify": {
      "version": "1.4.0",
      "resolved": "https://registry.npmmirror.com/loose-envify/-/loose-envify-1.4.0.tgz",
      "integrity": "sha512-lyuxPGr/Wfhrlem2CL/UcnUc1zcqKAImBDzukY7Y5F/yQiNdko6+fRLevlw1HgMySw7f611UIY408EtxRSoK3Q==",
      "requires": {
        "js-tokens": "^3.0.0 || ^4.0.0"
      }
    },
    "object-keys": {
      "version": "1.1.1",
      "resolved": "https://registry.npmmirror.com/object-keys/-/object-keys-1.1.1.tgz",
      "integrity": "sha512-NuAESUOUMrlIXOfHKzD6bpPu3tYt3xvjNdRIQ+FeT0lNb4K8WR70CaDxhuNguS2XG+GjkyMwOzsN5ZktImfhLA=="
    },
    "querystring": {
      "version": "0.2.1",
      "resolved": "https://registry.npmmirror.com/querystring/-/querystring-0.2.1.tgz",
      "integrity": "sha512-wkvS7mL/JMugcup3/rMitHmd9ecIGd2lhFhK9N3UUQ450h66d1r3Y9nvXzQAW1Lq+wyx61k/1pfKS5KuKiyEbg=="
    },
    "react-intl-universal": {
      "version": "2.6.11",
      "resolved": "https://registry.npmmirror.com/react-intl-universal/-/react-intl-universal-2.6.11.tgz",
      "integrity": "sha512-myFwndeCqo+02Xm43RnO+gDltDnfYnVrm/09RzC/Ski3vjVNpyoV5edmigAjo12x+qnhuL+5zgVvqW+9BuMMBw==",
      "requires": {
        "cookie": "^0.3.1",
        "escape-html": "^1.0.3",
        "intl": "^1.2.5",
        "intl-messageformat": "^7.8.4",
        "invariant": "^2.2.2",
        "lodash.merge": "^4.6.2",
        "object-keys": "^1.0.11",
        "querystring": "^0.2.0"
      }
    }
  }
}
